
Microsoft Visual Studio Solution File, Format Version 12.00
# Visual Studio Version 17
VisualStudioVersion = 17.9.34714.143
MinimumVisualStudioVersion = 10.0.40219.1
Project("{9A19103F-16F7-4668-BE54-9A1E7A4F7556}") = "SpecialiseringsEksamen", "SpecialiseringsEksamen\SpecialiseringsEksamen.csproj", "{80773693-82EE-4A36-A35E-62D5C1331B2A}"
EndProject
Global
	GlobalSection(SolutionConfigurationPlatforms) = preSolution
		Debug|Any CPU = Debug|Any CPU
		Release|Any CPU = Release|Any CPU
	EndGlobalSection
	GlobalSection(ProjectConfigurationPlatforms) = postSolution
		{80773693-82EE-4A36-A35E-62D5C1331B2A}.Debug|Any CPU.ActiveCfg = Debug|Any CPU
		{80773693-82EE-4A36-A35E-62D5C1331B2A}.Debug|Any CPU.Build.0 = Debug|Any CPU
		{80773693-82EE-4A36-A35E-62D5C1331B2A}.Debug|Any CPU.Deploy.0 = Debug|Any CPU
		{80773693-82EE-4A36-A35E-62D5C1331B2A}.Release|Any CPU.ActiveCfg = Release|Any CPU
		{80773693-82EE-4A36-A35E-62D5C1331B2A}.Release|Any CPU.Build.0 = Release|Any CPU
		{80773693-82EE-4A36-A35E-62D5C1331B2A}.Release|Any CPU.Deploy.0 = Release|Any CPU
	EndGlobalSection
	GlobalSection(SolutionProperties) = preSolution
		HideSolutionNode = FALSE
	EndGlobalSection
	GlobalSection(ExtensibilityGlobals) = postSolution
		SolutionGuid = {F3D47236-AD81-4EEE-B871-8765CDC64155}
	EndGlobalSection
EndGlobal
